
Microsoft Visual Studio Solution File, Format Version 12.00
# Visual Studio Version 17
VisualStudioVersion = 17.3.32901.215
MinimumVisualStudioVersion = 10.0.40219.1
Project("{FAE04EC0-301F-11D3-BF4B-00C04F79EFBC}") = "Triplets", "Triplets\Triplets.csproj", "{8DAFF4D2-BE64-4375-914D-35E408C4CCE3}"
EndProject
Global
	GlobalSection(SolutionConfigurationPlatforms) = preSolution
		Debug|Any CPU = Debug|Any CPU
		Release|Any CPU = Release|Any CPU
	EndGlobalSection
	GlobalSection(ProjectConfigurationPlatforms) = postSolution
		{8DAFF4D2-BE64-4375-914D-35E408C4CCE3}.Debug|Any CPU.ActiveCfg = Debug|Any CPU
		{8DAFF4D2-BE64-4375-914D-35E408C4CCE3}.Debug|Any CPU.Build.0 = Debug|Any CPU
		{8DAFF4D2-BE64-4375-914D-35E408C4CCE3}.Release|Any CPU.ActiveCfg = Release|Any CPU
		{8DAFF4D2-BE64-4375-914D-35E408C4CCE3}.Release|Any CPU.Build.0 = Release|Any CPU
	EndGlobalSection
	GlobalSection(SolutionProperties) = preSolution
		HideSolutionNode = FALSE
	EndGlobalSection
	GlobalSection(ExtensibilityGlobals) = postSolution
		SolutionGuid = {4B1EA9E7-EE4B-4B51-ACC1-849305148724}
	EndGlobalSection
EndGlobal
